// !$*UTF8*$!
{
	archiveVersion = 1;
	classes = {
	};
	objectVersion = 50;
	objects = {

/* Begin PBXBuildFile section */
		F5223CFA2422EBC9009486C1 /* MarvelCodable.swift in Sources */ = {isa = PBXBuildFile; fileRef = F5223CF92422EBC9009486C1 /* MarvelCodable.swift */; };
		F5223D1924231363009486C1 /* ProgressHud.swift in Sources */ = {isa = PBXBuildFile; fileRef = F5223D1824231363009486C1 /* ProgressHud.swift */; };
		F5223D1B2423AD28009486C1 /* ImageViewExtension.swift in Sources */ = {isa = PBXBuildFile; fileRef = F5223D1A2423AD28009486C1 /* ImageViewExtension.swift */; };
		F523E83A2423EBB20091E60D /* MarvelDemoTests.swift in Sources */ = {isa = PBXBuildFile; fileRef = F523E8392423EBB20091E60D /* MarvelDemoTests.swift */; };
		F523E842242408A80091E60D /* MarvelCodable.swift in Sources */ = {isa = PBXBuildFile; fileRef = F523E841242408A80091E60D /* MarvelCodable.swift */; };
		F523E84A242412810091E60D /* MarvelDemoUITests.swift in Sources */ = {isa = PBXBuildFile; fileRef = F523E849242412810091E60D /* MarvelDemoUITests.swift */; };
		F56B0AD02422841F009AF2E1 /* WebServices.swift in Sources */ = {isa = PBXBuildFile; fileRef = F56B0ACF2422841F009AF2E1 /* WebServices.swift */; };
		F5867B712421946500B10620 /* AppDelegate.swift in Sources */ = {isa = PBXBuildFile; fileRef = F5867B702421946500B10620 /* AppDelegate.swift */; };
		F5867B752421946500B10620 /* MarvelViewController.swift in Sources */ = {isa = PBXBuildFile; fileRef = F5867B742421946500B10620 /* MarvelViewController.swift */; };
		F5867B782421946500B10620 /* Main.storyboard in Resources */ = {isa = PBXBuildFile; fileRef = F5867B762421946500B10620 /* Main.storyboard */; };
		F5867B7D2421946700B10620 /* Assets.xcassets in Resources */ = {isa = PBXBuildFile; fileRef = F5867B7C2421946700B10620 /* Assets.xcassets */; };
		F5867B802421946700B10620 /* LaunchScreen.storyboard in Resources */ = {isa = PBXBuildFile; fileRef = F5867B7E2421946700B10620 /* LaunchScreen.storyboard */; };
/* End PBXBuildFile section */

/* Begin PBXContainerItemProxy section */
		F523E83C2423EBB20091E60D /* PBXContainerItemProxy */ = {
			isa = PBXContainerItemProxy;
			containerPortal = F5867B652421946500B10620 /* Project object */;
			proxyType = 1;
			remoteGlobalIDString = F5867B6C2421946500B10620;
			remoteInfo = MarvelDemo;
		};
		F523E84C242412810091E60D /* PBXContainerItemProxy */ = {
			isa = PBXContainerItemProxy;
			containerPortal = F5867B652421946500B10620 /* Project object */;
			proxyType = 1;
			remoteGlobalIDString = F5867B6C2421946500B10620;
			remoteInfo = MarvelDemo;
		};
/* End PBXContainerItemProxy section */

/* Begin PBXFileReference section */
		F5223CF92422EBC9009486C1 /* MarvelCodable.swift */ = {isa = PBXFileReference; lastKnownFileType = sourcecode.swift; path = MarvelCodable.swift; sourceTree = "<group>"; };
		F5223D1824231363009486C1 /* ProgressHud.swift */ = {isa = PBXFileReference; lastKnownFileType = sourcecode.swift; path = ProgressHud.swift; sourceTree = "<group>"; };
		F5223D1A2423AD28009486C1 /* ImageViewExtension.swift */ = {isa = PBXFileReference; lastKnownFileType = sourcecode.swift; path = ImageViewExtension.swift; sourceTree = "<group>"; };
		F523E8372423EBB20091E60D /* MarvelDemoTests.xctest */ = {isa = PBXFileReference; explicitFileType = wrapper.cfbundle; includeInIndex = 0; path = MarvelDemoTests.xctest; sourceTree = BUILT_PRODUCTS_DIR; };
		F523E8392423EBB20091E60D /* MarvelDemoTests.swift */ = {isa = PBXFileReference; lastKnownFileType = sourcecode.swift; path = MarvelDemoTests.swift; sourceTree = "<group>"; };
		F523E83B2423EBB20091E60D /* Info.plist */ = {isa = PBXFileReference; lastKnownFileType = text.plist.xml; path = Info.plist; sourceTree = "<group>"; };
		F523E841242408A80091E60D /* MarvelCodable.swift */ = {isa = PBXFileReference; fileEncoding = 4; lastKnownFileType = sourcecode.swift; path = MarvelCodable.swift; sourceTree = "<group>"; };
		F523E847242412810091E60D /* MarvelDemoUITests.xctest */ = {isa = PBXFileReference; explicitFileType = wrapper.cfbundle; includeInIndex = 0; path = MarvelDemoUITests.xctest; sourceTree = BUILT_PRODUCTS_DIR; };
		F523E849242412810091E60D /* MarvelDemoUITests.swift */ = {isa = PBXFileReference; lastKnownFileType = sourcecode.swift; path = MarvelDemoUITests.swift; sourceTree = "<group>"; };
		F523E84B242412810091E60D /* Info.plist */ = {isa = PBXFileReference; lastKnownFileType = text.plist.xml; path = Info.plist; sourceTree = "<group>"; };
		F56B0ACF2422841F009AF2E1 /* WebServices.swift */ = {isa = PBXFileReference; lastKnownFileType = sourcecode.swift; path = WebServices.swift; sourceTree = "<group>"; };
		F5867B6D2421946500B10620 /* MarvelDemo.app */ = {isa = PBXFileReference; explicitFileType = wrapper.application; includeInIndex = 0; path = MarvelDemo.app; sourceTree = BUILT_PRODUCTS_DIR; };
		F5867B702421946500B10620 /* AppDelegate.swift */ = {isa = PBXFileReference; lastKnownFileType = sourcecode.swift; path = AppDelegate.swift; sourceTree = "<group>"; };
		F5867B742421946500B10620 /* MarvelViewController.swift */ = {isa = PBXFileReference; lastKnownFileType = sourcecode.swift; path = MarvelViewController.swift; sourceTree = "<group>"; };
		F5867B772421946500B10620 /* Base */ = {isa = PBXFileReference; lastKnownFileType = file.storyboard; name = Base; path = Base.lproj/Main.storyboard; sourceTree = "<group>"; };
		F5867B7C2421946700B10620 /* Assets.xcassets */ = {isa = PBXFileReference; lastKnownFileType = folder.assetcatalog; path = Assets.xcassets; sourceTree = "<group>"; };
		F5867B7F2421946700B10620 /* Base */ = {isa = PBXFileReference; lastKnownFileType = file.storyboard; name = Base; path = Base.lproj/LaunchScreen.storyboard; sourceTree = "<group>"; };
		F5867B812421946700B10620 /* Info.plist */ = {isa = PBXFileReference; lastKnownFileType = text.plist.xml; path = Info.plist; sourceTree = "<group>"; };
/* End PBXFileReference section */

/* Begin PBXFrameworksBuildPhase section */
		F523E8342423EBB20091E60D /* Frameworks */ = {
			isa = PBXFrameworksBuildPhase;
			buildActionMask = 2147483647;
			files = (
			);
			runOnlyForDeploymentPostprocessing = 0;
		};
		F523E844242412810091E60D /* Frameworks */ = {
			isa = PBXFrameworksBuildPhase;
			buildActionMask = 2147483647;
			files = (
			);
			runOnlyForDeploymentPostprocessing = 0;
		};
		F5867B6A2421946500B10620 /* Frameworks */ = {
			isa = PBXFrameworksBuildPhase;
			buildActionMask = 2147483647;
			files = (
			);
			runOnlyForDeploymentPostprocessing = 0;
		};
/* End PBXFrameworksBuildPhase section */

/* Begin PBXGroup section */
		F5223D1C2423D95F009486C1 /* Extensions */ = {
			isa = PBXGroup;
			children = (
				F5223D1A2423AD28009486C1 /* ImageViewExtension.swift */,
			);
			path = Extensions;
			sourceTree = "<group>";
		};
		F5223D1D2423D97F009486C1 /* View */ = {
			isa = PBXGroup;
			children = (
				F5867B742421946500B10620 /* MarvelViewController.swift */,
				F5223D1824231363009486C1 /* ProgressHud.swift */,
			);
			path = View;
			sourceTree = "<group>";
		};
		F5223D1E2423D9B6009486C1 /* Data Structures  */ = {
			isa = PBXGroup;
			children = (
				F5223CF92422EBC9009486C1 /* MarvelCodable.swift */,
			);
			path = "Data Structures ";
			sourceTree = "<group>";
		};
		F523E8312423E2AC0091E60D /* Networking */ = {
			isa = PBXGroup;
			children = (
				F56B0ACF2422841F009AF2E1 /* WebServices.swift */,
			);
			name = Networking;
			sourceTree = "<group>";
		};
		F523E8382423EBB20091E60D /* MarvelDemoTests */ = {
			isa = PBXGroup;
			children = (
				F523E841242408A80091E60D /* MarvelCodable.swift */,
				F523E8392423EBB20091E60D /* MarvelDemoTests.swift */,
				F523E83B2423EBB20091E60D /* Info.plist */,
			);
			path = MarvelDemoTests;
			sourceTree = "<group>";
		};
		F523E848242412810091E60D /* MarvelDemoUITests */ = {
			isa = PBXGroup;
			children = (
				F523E849242412810091E60D /* MarvelDemoUITests.swift */,
				F523E84B242412810091E60D /* Info.plist */,
			);
			path = MarvelDemoUITests;
			sourceTree = "<group>";
		};
		F5867B642421946500B10620 = {
			isa = PBXGroup;
			children = (
				F5867B6F2421946500B10620 /* MarvelDemo */,
				F523E8382423EBB20091E60D /* MarvelDemoTests */,
				F523E848242412810091E60D /* MarvelDemoUITests */,
				F5867B6E2421946500B10620 /* Products */,
			);
			sourceTree = "<group>";
		};
		F5867B6E2421946500B10620 /* Products */ = {
			isa = PBXGroup;
			children = (
				F5867B6D2421946500B10620 /* MarvelDemo.app */,
				F523E8372423EBB20091E60D /* MarvelDemoTests.xctest */,
				F523E847242412810091E60D /* MarvelDemoUITests.xctest */,
			);
			name = Products;
			sourceTree = "<group>";
		};
		F5867B6F2421946500B10620 /* MarvelDemo */ = {
			isa = PBXGroup;
			children = (
				F523E8312423E2AC0091E60D /* Networking */,
				F5223D1E2423D9B6009486C1 /* Data Structures  */,
				F5223D1D2423D97F009486C1 /* View */,
				F5223D1C2423D95F009486C1 /* Extensions */,
				F5867B702421946500B10620 /* AppDelegate.swift */,
				F5867B762421946500B10620 /* Main.storyboard */,
				F5867B7C2421946700B10620 /* Assets.xcassets */,
				F5867B7E2421946700B10620 /* LaunchScreen.storyboard */,
				F5867B812421946700B10620 /* Info.plist */,
			);
			path = MarvelDemo;
			sourceTree = "<group>";
		};
/* End PBXGroup section */

/* Begin PBXNativeTarget section */
		F523E8362423EBB20091E60D /* MarvelDemoTests */ = {
			isa = PBXNativeTarget;
			buildConfigurationList = F523E83E2423EBB20091E60D /* Build configuration list for PBXNativeTarget "MarvelDemoTests" */;
			buildPhases = (
				F523E8332423EBB20091E60D /* Sources */,
				F523E8342423EBB20091E60D /* Frameworks */,
				F523E8352423EBB20091E60D /* Resources */,
			);
			buildRules = (
			);
			dependencies = (
				F523E83D2423EBB20091E60D /* PBXTargetDependency */,
			);
			name = MarvelDemoTests;
			productName = MarvelDemoTests;
			productReference = F523E8372423EBB20091E60D /* MarvelDemoTests.xctest */;
			productType = "com.apple.product-type.bundle.unit-test";
		};
		F523E846242412810091E60D /* MarvelDemoUITests */ = {
			isa = PBXNativeTarget;
			buildConfigurationList = F523E84E242412810091E60D /* Build configuration list for PBXNativeTarget "MarvelDemoUITests" */;
			buildPhases = (
				F523E843242412810091E60D /* Sources */,
				F523E844242412810091E60D /* Frameworks */,
				F523E845242412810091E60D /* Resources */,
			);
			buildRules = (
			);
			dependencies = (
				F523E84D242412810091E60D /* PBXTargetDependency */,
			);
			name = MarvelDemoUITests;
			productName = MarvelDemoUITests;
			productReference = F523E847242412810091E60D /* MarvelDemoUITests.xctest */;
			productType = "com.apple.product-type.bundle.ui-testing";
		};
		F5867B6C2421946500B10620 /* MarvelDemo */ = {
			isa = PBXNativeTarget;
			buildConfigurationList = F5867B842421946700B10620 /* Build configuration list for PBXNativeTarget "MarvelDemo" */;
			buildPhases = (
				F5867B692421946500B10620 /* Sources */,
				F5867B6A2421946500B10620 /* Frameworks */,
				F5867B6B2421946500B10620 /* Resources */,
			);
			buildRules = (
			);
			dependencies = (
			);
			name = MarvelDemo;
			productName = MarvelDemo;
			productReference = F5867B6D2421946500B10620 /* MarvelDemo.app */;
			productType = "com.apple.product-type.application";
		};
/* End PBXNativeTarget section */

/* Begin PBXProject section */
		F5867B652421946500B10620 /* Project object */ = {
			isa = PBXProject;
			attributes = {
				LastSwiftUpdateCheck = 1130;
				LastUpgradeCheck = 1130;
				ORGANIZATIONNAME = marvel;
				TargetAttributes = {
					F523E8362423EBB20091E60D = {
						CreatedOnToolsVersion = 11.3;
						TestTargetID = F5867B6C2421946500B10620;
					};
					F523E846242412810091E60D = {
						CreatedOnToolsVersion = 11.3;
						TestTargetID = F5867B6C2421946500B10620;
					};
					F5867B6C2421946500B10620 = {
						CreatedOnToolsVersion = 11.3;
					};
				};
			};
			buildConfigurationList = F5867B682421946500B10620 /* Build configuration list for PBXProject "MarvelDemo" */;
			compatibilityVersion = "Xcode 9.3";
			developmentRegion = en;
			hasScannedForEncodings = 0;
			knownRegions = (
				en,
				Base,
			);
			mainGroup = F5867B642421946500B10620;
			productRefGroup = F5867B6E2421946500B10620 /* Products */;
			projectDirPath = "";
			projectRoot = "";
			targets = (
				F5867B6C2421946500B10620 /* MarvelDemo */,
				F523E8362423EBB20091E60D /* MarvelDemoTests */,
				F523E846242412810091E60D /* MarvelDemoUITests */,
			);
		};
/* End PBXProject section */

/* Begin PBXResourcesBuildPhase section */
		F523E8352423EBB20091E60D /* Resources */ = {
			isa = PBXResourcesBuildPhase;
			buildActionMask = 2147483647;
			files = (
			);
			runOnlyForDeploymentPostprocessing = 0;
		};
		F523E845242412810091E60D /* Resources */ = {
			isa = PBXResourcesBuildPhase;
			buildActionMask = 2147483647;
			files = (
			);
			runOnlyForDeploymentPostprocessing = 0;
		};
		F5867B6B2421946500B10620 /* Resources */ = {
			isa = PBXResourcesBuildPhase;
			buildActionMask = 2147483647;
			files = (
				F5867B802421946700B10620 /* LaunchScreen.storyboard in Resources */,
				F5867B7D2421946700B10620 /* Assets.xcassets in Resources */,
				F5867B782421946500B10620 /* Main.storyboard in Resources */,
			);
			runOnlyForDeploymentPostprocessing = 0;
		};
/* End PBXResourcesBuildPhase section */

/* Begin PBXSourcesBuildPhase section */
		F523E8332423EBB20091E60D /* Sources */ = {
			isa = PBXSourcesBuildPhase;
			buildActionMask = 2147483647;
			files = (
				F523E83A2423EBB20091E60D /* MarvelDemoTests.swift in Sources */,
				F523E842242408A80091E60D /* MarvelCodable.swift in Sources */,
			);
			runOnlyForDeploymentPostprocessing = 0;
		};
		F523E843242412810091E60D /* Sources */ = {
			isa = PBXSourcesBuildPhase;
			buildActionMask = 2147483647;
			files = (
				F523E84A242412810091E60D /* MarvelDemoUITests.swift in Sources */,
			);
			runOnlyForDeploymentPostprocessing = 0;
		};
		F5867B692421946500B10620 /* Sources */ = {
			isa = PBXSourcesBuildPhase;
			buildActionMask = 2147483647;
			files = (
				F5867B752421946500B10620 /* MarvelViewController.swift in Sources */,
				F5223D1B2423AD28009486C1 /* ImageViewExtension.swift in Sources */,
				F56B0AD02422841F009AF2E1 /* WebServices.swift in Sources */,
				F5867B712421946500B10620 /* AppDelegate.swift in Sources */,
				F5223D1924231363009486C1 /* ProgressHud.swift in Sources */,
				F5223CFA2422EBC9009486C1 /* MarvelCodable.swift in Sources */,
			);
			runOnlyForDeploymentPostprocessing = 0;
		};
/* End PBXSourcesBuildPhase section */

/* Begin PBXTargetDependency section */
		F523E83D2423EBB20091E60D /* PBXTargetDependency */ = {
			isa = PBXTargetDependency;
			target = F5867B6C2421946500B10620 /* MarvelDemo */;
			targetProxy = F523E83C2423EBB20091E60D /* PBXContainerItemProxy */;
		};
		F523E84D242412810091E60D /* PBXTargetDependency */ = {
			isa = PBXTargetDependency;
			target = F5867B6C2421946500B10620 /* MarvelDemo */;
			targetProxy = F523E84C242412810091E60D /* PBXContainerItemProxy */;
		};
/* End PBXTargetDependency section */

/* Begin PBXVariantGroup section */
		F5867B762421946500B10620 /* Main.storyboard */ = {
			isa = PBXVariantGroup;
			children = (
				F5867B772421946500B10620 /* Base */,
			);
			name = Main.storyboard;
			sourceTree = "<group>";
		};
		F5867B7E2421946700B10620 /* LaunchScreen.storyboard */ = {
			isa = PBXVariantGroup;
			children = (
				F5867B7F2421946700B10620 /* Base */,
			);
			name = LaunchScreen.storyboard;
			sourceTree = "<group>";
		};
/* End PBXVariantGroup section */

/* Begin XCBuildConfiguration section */
		F523E83F2423EBB20091E60D /* Debug */ = {
			isa = XCBuildConfiguration;
			buildSettings = {
				BUNDLE_LOADER = "$(TEST_HOST)";
				CODE_SIGN_STYLE = Automatic;
				DEVELOPMENT_TEAM = VYU5JKTB5J;
				INFOPLIST_FILE = MarvelDemoTests/Info.plist;
				IPHONEOS_DEPLOYMENT_TARGET = 12.0;
				LD_RUNPATH_SEARCH_PATHS = (
					"$(inherited)",
					"@executable_path/Frameworks",
					"@loader_path/Frameworks",
				);
				PRODUCT_BUNDLE_IDENTIFIER = com.marvel.demoApp.MarvelDemoTests;
				PRODUCT_NAME = "$(TARGET_NAME)";
				SWIFT_VERSION = 5.0;
				TARGETED_DEVICE_FAMILY = "1,2";
				TEST_HOST = "$(BUILT_PRODUCTS_DIR)/MarvelDemo.app/MarvelDemo";
			};
			name = Debug;
		};
		F523E8402423EBB20091E60D /* Release */ = {
			isa = XCBuildConfiguration;
			buildSettings = {
				BUNDLE_LOADER = "$(TEST_HOST)";
				CODE_SIGN_STYLE = Automatic;
				DEVELOPMENT_TEAM = VYU5JKTB5J;
				INFOPLIST_FILE = MarvelDemoTests/Info.plist;
				IPHONEOS_DEPLOYMENT_TARGET = 12.0;
				LD_RUNPATH_SEARCH_PATHS = (
					"$(inherited)",
					"@executable_path/Frameworks",
					"@loader_path/Frameworks",
				);
				PRODUCT_BUNDLE_IDENTIFIER = com.marvel.demoApp.MarvelDemoTests;
				PRODUCT_NAME = "$(TARGET_NAME)";
				SWIFT_VERSION = 5.0;
				TARGETED_DEVICE_FAMILY = "1,2";
				TEST_HOST = "$(BUILT_PRODUCTS_DIR)/MarvelDemo.app/MarvelDemo";
			};
			name = Release;
		};
		F523E84F242412810091E60D /* Debug */ = {
			isa = XCBuildConfiguration;
			buildSettings = {
				CODE_SIGN_STYLE = Automatic;
				DEVELOPMENT_TEAM = VYU5JKTB5J;
				INFOPLIST_FILE = MarvelDemoUITests/Info.plist;
				IPHONEOS_DEPLOYMENT_TARGET = 12.0;
				LD_RUNPATH_SEARCH_PATHS = (
					"$(inherited)",
					"@executable_path/Frameworks",
					"@loader_path/Frameworks",
				);
				PRODUCT_BUNDLE_IDENTIFIER = com.marvel.demoApp.MarvelDemoUITests;
				PRODUCT_NAME = "$(TARGET_NAME)";
				SWIFT_VERSION = 5.0;
				TARGETED_DEVICE_FAMILY = "1,2";
				TEST_TARGET_NAME = MarvelDemo;
			};
			name = Debug;
		};
		F523E850242412810091E60D /* Release */ = {
			isa = XCBuildConfiguration;
			buildSettings = {
				CODE_SIGN_STYLE = Automatic;
				DEVELOPMENT_TEAM = VYU5JKTB5J;
				INFOPLIST_FILE = MarvelDemoUITests/Info.plist;
				IPHONEOS_DEPLOYMENT_TARGET = 12.0;
				LD_RUNPATH_SEARCH_PATHS = (
					"$(inherited)",
					"@executable_path/Frameworks",
					"@loader_path/Frameworks",
				);
				PRODUCT_BUNDLE_IDENTIFIER = com.marvel.demoApp.MarvelDemoUITests;
				PRODUCT_NAME = "$(TARGET_NAME)";
				SWIFT_VERSION = 5.0;
				TARGETED_DEVICE_FAMILY = "1,2";
				TEST_TARGET_NAME = MarvelDemo;
			};
			name = Release;
		};
		F5867B822421946700B10620 /* Debug */ = {
			isa = XCBuildConfiguration;
			buildSettings = {
				ALWAYS_SEARCH_USER_PATHS = NO;
				CLANG_ANALYZER_NONNULL = YES;
				CLANG_ANALYZER_NUMBER_OBJECT_CONVERSION = YES_AGGRESSIVE;
				CLANG_CXX_LANGUAGE_STANDARD = "gnu++14";
				CLANG_CXX_LIBRARY = "libc++";
				CLANG_ENABLE_MODULES = YES;
				CLANG_ENABLE_OBJC_ARC = YES;
				CLANG_ENABLE_OBJC_WEAK = YES;
				CLANG_WARN_BLOCK_CAPTURE_AUTORELEASING = YES;
				CLANG_WARN_BOOL_CONVERSION = YES;
				CLANG_WARN_COMMA = YES;
				CLANG_WARN_CONSTANT_CONVERSION = YES;
				CLANG_WARN_DEPRECATED_OBJC_IMPLEMENTATIONS = YES;
				CLANG_WARN_DIRECT_OBJC_ISA_USAGE = YES_ERROR;
				CLANG_WARN_DOCUMENTATION_COMMENTS = YES;
				CLANG_WARN_EMPTY_BODY = YES;
				CLANG_WARN_ENUM_CONVERSION = YES;
				CLANG_WARN_INFINITE_RECURSION = YES;
				CLANG_WARN_INT_CONVERSION = YES;
				CLANG_WARN_NON_LITERAL_NULL_CONVERSION = YES;
				CLANG_WARN_OBJC_IMPLICIT_RETAIN_SELF = YES;
				CLANG_WARN_OBJC_LITERAL_CONVERSION = YES;
				CLANG_WARN_OBJC_ROOT_CLASS = YES_ERROR;
				CLANG_WARN_RANGE_LOOP_ANALYSIS = YES;
				CLANG_WARN_STRICT_PROTOTYPES = YES;
				CLANG_WARN_SUSPICIOUS_MOVE = YES;
				CLANG_WARN_UNGUARDED_AVAILABILITY = YES_AGGRESSIVE;
				CLANG_WARN_UNREACHABLE_CODE = YES;
				CLANG_WARN__DUPLICATE_METHOD_MATCH = YES;
				COPY_PHASE_STRIP = NO;
				DEBUG_INFORMATION_FORMAT = dwarf;
				ENABLE_STRICT_OBJC_MSGSEND = YES;
				ENABLE_TESTABILITY = YES;
				GCC_C_LANGUAGE_STANDARD = gnu11;
				GCC_DYNAMIC_NO_PIC = NO;
				GCC_NO_COMMON_BLOCKS = YES;
				GCC_OPTIMIZATION_LEVEL = 0;
				GCC_PREPROCESSOR_DEFINITIONS = (
					"DEBUG=1",
					"$(inherited)",
				);
				GCC_WARN_64_TO_32_BIT_CONVERSION = YES;
				GCC_WARN_ABOUT_RETURN_TYPE = YES_ERROR;
				GCC_WARN_UNDECLARED_SELECTOR = YES;
				GCC_WARN_UNINITIALIZED_AUTOS = YES_AGGRESSIVE;
				GCC_WARN_UNUSED_FUNCTION = YES;
				GCC_WARN_UNUSED_VARIABLE = YES;
				IPHONEOS_DEPLOYMENT_TARGET = 12.0;
				MTL_ENABLE_DEBUG_INFO = INCLUDE_SOURCE;
				MTL_FAST_MATH = YES;
				ONLY_ACTIVE_ARCH = YES;
				SDKROOT = iphoneos;
				SWIFT_ACTIVE_COMPILATION_CONDITIONS = DEBUG;
				SWIFT_OPTIMIZATION_LEVEL = "-Onone";
			};
			name = Debug;
		};
		F5867B832421946700B10620 /* Release */ = {
			isa = XCBuildConfiguration;
			buildSettings = {
				ALWAYS_SEARCH_USER_PATHS = NO;
				CLANG_ANALYZER_NONNULL = YES;
				CLANG_ANALYZER_NUMBER_OBJECT_CONVERSION = YES_AGGRESSIVE;
				CLANG_CXX_LANGUAGE_STANDARD = "gnu++14";
				CLANG_CXX_LIBRARY = "libc++";
				CLANG_ENABLE_MODULES = YES;
				CLANG_ENABLE_OBJC_ARC = YES;
				CLANG_ENABLE_OBJC_WEAK = YES;
				CLANG_WARN_BLOCK_CAPTURE_AUTORELEASING = YES;
				CLANG_WARN_BOOL_CONVERSION = YES;
				CLANG_WARN_COMMA = YES;
				CLANG_WARN_CONSTANT_CONVERSION = YES;
				CLANG_WARN_DEPRECATED_OBJC_IMPLEMENTATIONS = YES;
				CLANG_WARN_DIRECT_OBJC_ISA_USAGE = YES_ERROR;
				CLANG_WARN_DOCUMENTATION_COMMENTS = YES;
				CLANG_WARN_EMPTY_BODY = YES;
				CLANG_WARN_ENUM_CONVERSION = YES;
				CLANG_WARN_INFINITE_RECURSION = YES;
				CLANG_WARN_INT_CONVERSION = YES;
				CLANG_WARN_NON_LITERAL_NULL_CONVERSION = YES;
				CLANG_WARN_OBJC_IMPLICIT_RETAIN_SELF = YES;
				CLANG_WARN_OBJC_LITERAL_CONVERSION = YES;
				CLANG_WARN_OBJC_ROOT_CLASS = YES_ERROR;
				CLANG_WARN_RANGE_LOOP_ANALYSIS = YES;
				CLANG_WARN_STRICT_PROTOTYPES = YES;
				CLANG_WARN_SUSPICIOUS_MOVE = YES;
				CLANG_WARN_UNGUARDED_AVAILABILITY = YES_AGGRESSIVE;
				CLANG_WARN_UNREACHABLE_CODE = YES;
				CLANG_WARN__DUPLICATE_METHOD_MATCH = YES;
				COPY_PHASE_STRIP = NO;
				DEBUG_INFORMATION_FORMAT = "dwarf-with-dsym";
				ENABLE_NS_ASSERTIONS = NO;
				ENABLE_STRICT_OBJC_MSGSEND = YES;
				GCC_C_LANGUAGE_STANDARD = gnu11;
				GCC_NO_COMMON_BLOCKS = YES;
				GCC_WARN_64_TO_32_BIT_CONVERSION = YES;
				GCC_WARN_ABOUT_RETURN_TYPE = YES_ERROR;
				GCC_WARN_UNDECLARED_SELECTOR = YES;
				GCC_WARN_UNINITIALIZED_AUTOS = YES_AGGRESSIVE;
				GCC_WARN_UNUSED_FUNCTION = YES;
				GCC_WARN_UNUSED_VARIABLE = YES;
				IPHONEOS_DEPLOYMENT_TARGET = 12.0;
				MTL_ENABLE_DEBUG_INFO = NO;
				MTL_FAST_MATH = YES;
				SDKROOT = iphoneos;
				SWIFT_COMPILATION_MODE = wholemodule;
				SWIFT_OPTIMIZATION_LEVEL = "-O";
				VALIDATE_PRODUCT = YES;
			};
			name = Release;
		};
		F5867B852421946700B10620 /* Debug */ = {
			isa = XCBuildConfiguration;
			buildSettings = {
				ASSETCATALOG_COMPILER_APPICON_NAME = AppIcon;
				CODE_SIGN_STYLE = Automatic;
				DEVELOPMENT_TEAM = VYU5JKTB5J;
				INFOPLIST_FILE = MarvelDemo/Info.plist;
				LD_RUNPATH_SEARCH_PATHS = (
					"$(inherited)",
					"@executable_path/Frameworks",
				);
				PRODUCT_BUNDLE_IDENTIFIER = com.marvel.demoApp.MarvelDemo;
				PRODUCT_NAME = "$(TARGET_NAME)";
				SWIFT_VERSION = 5.0;
				TARGETED_DEVICE_FAMILY = "1,2";
			};
			name = Debug;
		};
		F5867B862421946700B10620 /* Release */ = {
			isa = XCBuildConfiguration;
			buildSettings = {
				ASSETCATALOG_COMPILER_APPICON_NAME = AppIcon;
				CODE_SIGN_STYLE = Automatic;
				DEVELOPMENT_TEAM = VYU5JKTB5J;
				INFOPLIST_FILE = MarvelDemo/Info.plist;
				LD_RUNPATH_SEARCH_PATHS = (
					"$(inherited)",
					"@executable_path/Frameworks",
				);
				PRODUCT_BUNDLE_IDENTIFIER = com.marvel.demoApp.MarvelDemo;
				PRODUCT_NAME = "$(TARGET_NAME)";
				SWIFT_VERSION = 5.0;
				TARGETED_DEVICE_FAMILY = "1,2";
			};
			name = Release;
		};
/* End XCBuildConfiguration section */

/* Begin XCConfigurationList section */
		F523E83E2423EBB20091E60D /* Build configuration list for PBXNativeTarget "MarvelDemoTests" */ = {
			isa = XCConfigurationList;
			buildConfigurations = (
				F523E83F2423EBB20091E60D /* Debug */,
				F523E8402423EBB20091E60D /* Release */,
			);
			defaultConfigurationIsVisible = 0;
			defaultConfigurationName = Release;
		};
		F523E84E242412810091E60D /* Build configuration list for PBXNativeTarget "MarvelDemoUITests" */ = {
			isa = XCConfigurationList;
			buildConfigurations = (
				F523E84F242412810091E60D /* Debug */,
				F523E850242412810091E60D /* Release */,
			);
			defaultConfigurationIsVisible = 0;
			defaultConfigurationName = Release;
		};
		F5867B682421946500B10620 /* Build configuration list for PBXProject "MarvelDemo" */ = {
			isa = XCConfigurationList;
			buildConfigurations = (
				F5867B822421946700B10620 /* Debug */,
				F5867B832421946700B10620 /* Release */,
			);
			defaultConfigurationIsVisible = 0;
			defaultConfigurationName = Release;
		};
		F5867B842421946700B10620 /* Build configuration list for PBXNativeTarget "MarvelDemo" */ = {
			isa = XCConfigurationList;
			buildConfigurations = (
				F5867B852421946700B10620 /* Debug */,
				F5867B862421946700B10620 /* Release */,
			);
			defaultConfigurationIsVisible = 0;
			defaultConfigurationName = Release;
		};
/* End XCConfigurationList section */
	};
	rootObject = F5867B652421946500B10620 /* Project object */;
}
